
Microsoft Visual Studio Solution File, Format Version 12.00
# Visual Studio Version 17
VisualStudioVersion = 17.0.31612.314
MinimumVisualStudioVersion = 10.0.40219.1
Project("{2150E333-8FDC-42A3-9474-1A3956D46DE8}") = "src", "src", "{3EA83CF4-9F97-454A-928D-883CBCBA281B}"
EndProject
Project("{2150E333-8FDC-42A3-9474-1A3956D46DE8}") = "test", "test", "{F40A90B1-8B7C-4B53-9ACF-A32B3D557AC3}"
EndProject
Project("{2150E333-8FDC-42A3-9474-1A3956D46DE8}") = "Web", "Web", "{FBA2B0C9-9C0A-4244-9D35-F33DCA354BD7}"
EndProject
Project("{2150E333-8FDC-42A3-9474-1A3956D46DE8}") = "Services", "Services", "{E99CDF1E-C951-4F4F-9483-F18F18A0BE2B}"
EndProject
Project("{9A19103F-16F7-4668-BE54-9A1E7A4F7556}") = "MASA.EShop.Web.Client", "src\Web\MASA.EShop.Web.Client\MASA.EShop.Web.Client.csproj", "{F49F2F8B-DC72-421A-BC9A-14C8E1C86FCD}"
EndProject
Project("{9A19103F-16F7-4668-BE54-9A1E7A4F7556}") = "MASA.EShop.Services.Catalog.Tests", "test\MASA.EShop.Services.Catalog.Tests\MASA.EShop.Services.Catalog.Tests.csproj", "{E63BA32D-F441-4C9B-BFE5-F824188FF6A1}"
EndProject
Project("{9A19103F-16F7-4668-BE54-9A1E7A4F7556}") = "MASA.EShop.Services.Catalog", "src\Services\MASA.EShop.Services.Catalog\MASA.EShop.Services.Catalog.csproj", "{856C92CF-BA51-4AD4-B2ED-7BDE696018FB}"
EndProject
Project("{9A19103F-16F7-4668-BE54-9A1E7A4F7556}") = "MASA.EShop.Services.Basket", "src\Services\MASA.EShop.Services.Basket\MASA.EShop.Services.Basket.csproj", "{76CA2B55-D896-40BA-AF99-097D3018178A}"
EndProject
Project("{9A19103F-16F7-4668-BE54-9A1E7A4F7556}") = "MASA.EShop.Services.Ordering", "src\Services\MASA.EShop.Services.Ordering\MASA.EShop.Services.Ordering.csproj", "{29593945-0A6F-4DD6-97A9-22B830CAF5ED}"
EndProject
Project("{9A19103F-16F7-4668-BE54-9A1E7A4F7556}") = "MASA.EShop.Services.Payment", "src\Services\MASA.EShop.Services.Payment\MASA.EShop.Services.Payment.csproj", "{73DC9EA0-2761-4C24-9964-D4F582E0580F}"
EndProject
Project("{2150E333-8FDC-42A3-9474-1A3956D46DE8}") = "dapr", "dapr", "{A0E983C1-3F7E-4AA3-BCC8-B0298B92ACAF}"
EndProject
Project("{2150E333-8FDC-42A3-9474-1A3956D46DE8}") = "components", "components", "{141AC5A1-3845-42B5-A921-30A101BE37F7}"
EndProject
Project("{2150E333-8FDC-42A3-9474-1A3956D46DE8}") = "_", "_", "{434080A1-4D8F-47E4-A7CC-4C2B26552A7D}"
	ProjectSection(SolutionItems) = preProject
		.gitignore = .gitignore
		nuget.config = nuget.config
	EndProjectSection
EndProject
Project("{FAE04EC0-301F-11D3-BF4B-00C04F79EFBC}") = "MASA.EShop.Web.Admin", "src\Web\MASA.EShop.Web.Admin\MASA.EShop.Web.Admin.csproj", "{C031856F-F34A-4613-8851-9EA3436192E1}"
EndProject
Global
	GlobalSection(SolutionConfigurationPlatforms) = preSolution
		Debug|Any CPU = Debug|Any CPU
		Release|Any CPU = Release|Any CPU
	EndGlobalSection
	GlobalSection(ProjectConfigurationPlatforms) = postSolution
		{F49F2F8B-DC72-421A-BC9A-14C8E1C86FCD}.Debug|Any CPU.ActiveCfg = Debug|Any CPU
		{F49F2F8B-DC72-421A-BC9A-14C8E1C86FCD}.Debug|Any CPU.Build.0 = Debug|Any CPU
		{F49F2F8B-DC72-421A-BC9A-14C8E1C86FCD}.Release|Any CPU.ActiveCfg = Release|Any CPU
		{F49F2F8B-DC72-421A-BC9A-14C8E1C86FCD}.Release|Any CPU.Build.0 = Release|Any CPU
		{E63BA32D-F441-4C9B-BFE5-F824188FF6A1}.Debug|Any CPU.ActiveCfg = Debug|Any CPU
		{E63BA32D-F441-4C9B-BFE5-F824188FF6A1}.Debug|Any CPU.Build.0 = Debug|Any CPU
		{E63BA32D-F441-4C9B-BFE5-F824188FF6A1}.Release|Any CPU.ActiveCfg = Release|Any CPU
		{E63BA32D-F441-4C9B-BFE5-F824188FF6A1}.Release|Any CPU.Build.0 = Release|Any CPU
		{856C92CF-BA51-4AD4-B2ED-7BDE696018FB}.Debug|Any CPU.ActiveCfg = Debug|Any CPU
		{856C92CF-BA51-4AD4-B2ED-7BDE696018FB}.Debug|Any CPU.Build.0 = Debug|Any CPU
		{856C92CF-BA51-4AD4-B2ED-7BDE696018FB}.Release|Any CPU.ActiveCfg = Release|Any CPU
		{856C92CF-BA51-4AD4-B2ED-7BDE696018FB}.Release|Any CPU.Build.0 = Release|Any CPU
		{76CA2B55-D896-40BA-AF99-097D3018178A}.Debug|Any CPU.ActiveCfg = Debug|Any CPU
		{76CA2B55-D896-40BA-AF99-097D3018178A}.Debug|Any CPU.Build.0 = Debug|Any CPU
		{76CA2B55-D896-40BA-AF99-097D3018178A}.Release|Any CPU.ActiveCfg = Release|Any CPU
		{76CA2B55-D896-40BA-AF99-097D3018178A}.Release|Any CPU.Build.0 = Release|Any CPU
		{29593945-0A6F-4DD6-97A9-22B830CAF5ED}.Debug|Any CPU.ActiveCfg = Debug|Any CPU
		{29593945-0A6F-4DD6-97A9-22B830CAF5ED}.Debug|Any CPU.Build.0 = Debug|Any CPU
		{29593945-0A6F-4DD6-97A9-22B830CAF5ED}.Release|Any CPU.ActiveCfg = Release|Any CPU
		{29593945-0A6F-4DD6-97A9-22B830CAF5ED}.Release|Any CPU.Build.0 = Release|Any CPU
		{73DC9EA0-2761-4C24-9964-D4F582E0580F}.Debug|Any CPU.ActiveCfg = Debug|Any CPU
		{73DC9EA0-2761-4C24-9964-D4F582E0580F}.Debug|Any CPU.Build.0 = Debug|Any CPU
		{73DC9EA0-2761-4C24-9964-D4F582E0580F}.Release|Any CPU.ActiveCfg = Release|Any CPU
		{73DC9EA0-2761-4C24-9964-D4F582E0580F}.Release|Any CPU.Build.0 = Release|Any CPU
		{C031856F-F34A-4613-8851-9EA3436192E1}.Debug|Any CPU.ActiveCfg = Debug|Any CPU
		{C031856F-F34A-4613-8851-9EA3436192E1}.Debug|Any CPU.Build.0 = Debug|Any CPU
		{C031856F-F34A-4613-8851-9EA3436192E1}.Release|Any CPU.ActiveCfg = Release|Any CPU
		{C031856F-F34A-4613-8851-9EA3436192E1}.Release|Any CPU.Build.0 = Release|Any CPU
	EndGlobalSection
	GlobalSection(SolutionProperties) = preSolution
		HideSolutionNode = FALSE
	EndGlobalSection
	GlobalSection(NestedProjects) = preSolution
		{FBA2B0C9-9C0A-4244-9D35-F33DCA354BD7} = {3EA83CF4-9F97-454A-928D-883CBCBA281B}
		{E99CDF1E-C951-4F4F-9483-F18F18A0BE2B} = {3EA83CF4-9F97-454A-928D-883CBCBA281B}
		{F49F2F8B-DC72-421A-BC9A-14C8E1C86FCD} = {FBA2B0C9-9C0A-4244-9D35-F33DCA354BD7}
		{E63BA32D-F441-4C9B-BFE5-F824188FF6A1} = {F40A90B1-8B7C-4B53-9ACF-A32B3D557AC3}
		{856C92CF-BA51-4AD4-B2ED-7BDE696018FB} = {E99CDF1E-C951-4F4F-9483-F18F18A0BE2B}
		{76CA2B55-D896-40BA-AF99-097D3018178A} = {E99CDF1E-C951-4F4F-9483-F18F18A0BE2B}
		{29593945-0A6F-4DD6-97A9-22B830CAF5ED} = {E99CDF1E-C951-4F4F-9483-F18F18A0BE2B}
		{73DC9EA0-2761-4C24-9964-D4F582E0580F} = {E99CDF1E-C951-4F4F-9483-F18F18A0BE2B}
		{141AC5A1-3845-42B5-A921-30A101BE37F7} = {A0E983C1-3F7E-4AA3-BCC8-B0298B92ACAF}
		{C031856F-F34A-4613-8851-9EA3436192E1} = {FBA2B0C9-9C0A-4244-9D35-F33DCA354BD7}
	EndGlobalSection
	GlobalSection(ExtensibilityGlobals) = postSolution
		SolutionGuid = {1FD6FCD1-A350-4541-A9CA-1549339C78EC}
	EndGlobalSection
EndGlobal
