
Microsoft Visual Studio Solution File, Format Version 12.00
# Visual Studio Version 17
VisualStudioVersion = 17.0.31612.314
MinimumVisualStudioVersion = 10.0.40219.1
Project("{2150E333-8FDC-42A3-9474-1A3956D46DE8}") = "src", "src", "{3EA83CF4-9F97-454A-928D-883CBCBA281B}"
EndProject
Project("{2150E333-8FDC-42A3-9474-1A3956D46DE8}") = "test", "test", "{F40A90B1-8B7C-4B53-9ACF-A32B3D557AC3}"
EndProject
Project("{2150E333-8FDC-42A3-9474-1A3956D46DE8}") = "Web", "Web", "{FBA2B0C9-9C0A-4244-9D35-F33DCA354BD7}"
EndProject
Project("{2150E333-8FDC-42A3-9474-1A3956D46DE8}") = "Services", "Services", "{E99CDF1E-C951-4F4F-9483-F18F18A0BE2B}"
EndProject
Project("{9A19103F-16F7-4668-BE54-9A1E7A4F7556}") = "MASA.EShop.Services.Catalog.Tests", "test\MASA.EShop.Services.Catalog.Tests\MASA.EShop.Services.Catalog.Tests.csproj", "{E63BA32D-F441-4C9B-BFE5-F824188FF6A1}"
EndProject
Project("{9A19103F-16F7-4668-BE54-9A1E7A4F7556}") = "MASA.EShop.Services.Catalog", "src\Services\MASA.EShop.Services.Catalog\MASA.EShop.Services.Catalog.csproj", "{856C92CF-BA51-4AD4-B2ED-7BDE696018FB}"
EndProject
Project("{9A19103F-16F7-4668-BE54-9A1E7A4F7556}") = "MASA.EShop.Services.Basket", "src\Services\MASA.EShop.Services.Basket\MASA.EShop.Services.Basket.csproj", "{76CA2B55-D896-40BA-AF99-097D3018178A}"
EndProject
Project("{9A19103F-16F7-4668-BE54-9A1E7A4F7556}") = "MASA.EShop.Services.Ordering", "src\Services\MASA.EShop.Services.Ordering\MASA.EShop.Services.Ordering.csproj", "{29593945-0A6F-4DD6-97A9-22B830CAF5ED}"
EndProject
Project("{9A19103F-16F7-4668-BE54-9A1E7A4F7556}") = "MASA.EShop.Services.Payment", "src\Services\MASA.EShop.Services.Payment\MASA.EShop.Services.Payment.csproj", "{73DC9EA0-2761-4C24-9964-D4F582E0580F}"
EndProject
Project("{2150E333-8FDC-42A3-9474-1A3956D46DE8}") = "_", "_", "{434080A1-4D8F-47E4-A7CC-4C2B26552A7D}"
	ProjectSection(SolutionItems) = preProject
		.gitignore = .gitignore
		nuget.config = nuget.config
	EndProjectSection
EndProject
Project("{E53339B2-1760-4266-BCC7-CA923CBCF16C}") = "docker-compose", "docker-compose.dcproj", "{45004002-64DA-47F6-95F6-C6A0583E2FF5}"
EndProject
Project("{2150E333-8FDC-42A3-9474-1A3956D46DE8}") = "Api", "Api", "{17D1CFBB-FAFE-4EA2-94E7-BB2ACE0ABF70}"
EndProject
Project("{9A19103F-16F7-4668-BE54-9A1E7A4F7556}") = "MASA.EShop.Api.Open", "src\Api\MASA.EShop.Api.Open\MASA.EShop.Api.Open.csproj", "{FB2C9D9B-A62A-4C9E-A7AF-64CA7315B40C}"
EndProject
Project("{2150E333-8FDC-42A3-9474-1A3956D46DE8}") = "dapr", "dapr", "{EC8191FD-14E5-498D-8D7A-719A2544FD68}"
EndProject
Project("{2150E333-8FDC-42A3-9474-1A3956D46DE8}") = "components", "components", "{C13BCBB4-FBED-4A72-9826-41375E0274E4}"
	ProjectSection(SolutionItems) = preProject
		dapr\components\pubsub.yaml = dapr\components\pubsub.yaml
		dapr\components\statestore.yaml = dapr\components\statestore.yaml
	EndProjectSection
EndProject
Project("{2150E333-8FDC-42A3-9474-1A3956D46DE8}") = "Contracts", "Contracts", "{71EE3624-9C22-4DD3-AF00-247BEFAA0E0E}"
EndProject
Project("{9A19103F-16F7-4668-BE54-9A1E7A4F7556}") = "MASA.EShop.Contracts.Payment", "src\Contracts\MASA.EShop.Contracts.Payment\MASA.EShop.Contracts.Payment.csproj", "{66318E56-1E11-4EF1-88FF-8AEBEF7310E0}"
EndProject
Project("{9A19103F-16F7-4668-BE54-9A1E7A4F7556}") = "MASA.EShop.Web.Admin", "src\Web\MASA.EShop.Web.Admin\MASA.EShop.Web.Admin.csproj", "{ADF22E60-D628-464C-BFD4-2083311919D4}"
EndProject
Project("{9A19103F-16F7-4668-BE54-9A1E7A4F7556}") = "MASA.EShop.Web.Client", "src\Web\MASA.EShop.Web.Client\MASA.EShop.Web.Client.csproj", "{FA45B321-2E90-492B-BDAC-D2A0061755BA}"
EndProject
Project("{9A19103F-16F7-4668-BE54-9A1E7A4F7556}") = "MASA.EShop.Contracts.Ordering", "src\Contracts\MASA.EShop.Contracts.Ordering\MASA.EShop.Contracts.Ordering.csproj", "{E5D5B899-C770-4BF8-80D7-4BB2488B7B76}"
EndProject
Project("{9A19103F-16F7-4668-BE54-9A1E7A4F7556}") = "MASA.EShop.Contracts.Basket", "src\Contracts\MASA.EShop.Contracts.Basket\MASA.EShop.Contracts.Basket.csproj", "{70737D60-3478-4756-A1C3-C26A41D66C73}"
EndProject
Project("{9A19103F-16F7-4668-BE54-9A1E7A4F7556}") = "MASA.EShop.Contracts.Catalog", "src\Contracts\MASA.EShop.Contracts.Catalog\MASA.EShop.Contracts.Catalog.csproj", "{CF77B98C-21AD-4899-9710-10D9D084F235}"
EndProject
Project("{9A19103F-16F7-4668-BE54-9A1E7A4F7556}") = "MASA.EShop.Api.Caller", "src\Api\MASA.EShop.Api.Caller\MASA.EShop.Api.Caller.csproj", "{37E4BAB8-4D9E-4C4E-9FC8-AC74BB59433B}"
EndProject
Global
	GlobalSection(SolutionConfigurationPlatforms) = preSolution
		Debug|Any CPU = Debug|Any CPU
		Release|Any CPU = Release|Any CPU
	EndGlobalSection
	GlobalSection(ProjectConfigurationPlatforms) = postSolution
		{E63BA32D-F441-4C9B-BFE5-F824188FF6A1}.Debug|Any CPU.ActiveCfg = Debug|Any CPU
		{E63BA32D-F441-4C9B-BFE5-F824188FF6A1}.Debug|Any CPU.Build.0 = Debug|Any CPU
		{E63BA32D-F441-4C9B-BFE5-F824188FF6A1}.Release|Any CPU.ActiveCfg = Release|Any CPU
		{E63BA32D-F441-4C9B-BFE5-F824188FF6A1}.Release|Any CPU.Build.0 = Release|Any CPU
		{856C92CF-BA51-4AD4-B2ED-7BDE696018FB}.Debug|Any CPU.ActiveCfg = Debug|Any CPU
		{856C92CF-BA51-4AD4-B2ED-7BDE696018FB}.Debug|Any CPU.Build.0 = Debug|Any CPU
		{856C92CF-BA51-4AD4-B2ED-7BDE696018FB}.Release|Any CPU.ActiveCfg = Release|Any CPU
		{856C92CF-BA51-4AD4-B2ED-7BDE696018FB}.Release|Any CPU.Build.0 = Release|Any CPU
		{76CA2B55-D896-40BA-AF99-097D3018178A}.Debug|Any CPU.ActiveCfg = Debug|Any CPU
		{76CA2B55-D896-40BA-AF99-097D3018178A}.Debug|Any CPU.Build.0 = Debug|Any CPU
		{76CA2B55-D896-40BA-AF99-097D3018178A}.Release|Any CPU.ActiveCfg = Release|Any CPU
		{76CA2B55-D896-40BA-AF99-097D3018178A}.Release|Any CPU.Build.0 = Release|Any CPU
		{29593945-0A6F-4DD6-97A9-22B830CAF5ED}.Debug|Any CPU.ActiveCfg = Debug|Any CPU
		{29593945-0A6F-4DD6-97A9-22B830CAF5ED}.Debug|Any CPU.Build.0 = Debug|Any CPU
		{29593945-0A6F-4DD6-97A9-22B830CAF5ED}.Release|Any CPU.ActiveCfg = Release|Any CPU
		{29593945-0A6F-4DD6-97A9-22B830CAF5ED}.Release|Any CPU.Build.0 = Release|Any CPU
		{73DC9EA0-2761-4C24-9964-D4F582E0580F}.Debug|Any CPU.ActiveCfg = Debug|Any CPU
		{73DC9EA0-2761-4C24-9964-D4F582E0580F}.Debug|Any CPU.Build.0 = Debug|Any CPU
		{73DC9EA0-2761-4C24-9964-D4F582E0580F}.Release|Any CPU.ActiveCfg = Release|Any CPU
		{73DC9EA0-2761-4C24-9964-D4F582E0580F}.Release|Any CPU.Build.0 = Release|Any CPU
		{45004002-64DA-47F6-95F6-C6A0583E2FF5}.Debug|Any CPU.ActiveCfg = Debug|Any CPU
		{45004002-64DA-47F6-95F6-C6A0583E2FF5}.Debug|Any CPU.Build.0 = Debug|Any CPU
		{45004002-64DA-47F6-95F6-C6A0583E2FF5}.Release|Any CPU.ActiveCfg = Release|Any CPU
		{45004002-64DA-47F6-95F6-C6A0583E2FF5}.Release|Any CPU.Build.0 = Release|Any CPU
		{FB2C9D9B-A62A-4C9E-A7AF-64CA7315B40C}.Debug|Any CPU.ActiveCfg = Debug|Any CPU
		{FB2C9D9B-A62A-4C9E-A7AF-64CA7315B40C}.Debug|Any CPU.Build.0 = Debug|Any CPU
		{FB2C9D9B-A62A-4C9E-A7AF-64CA7315B40C}.Release|Any CPU.ActiveCfg = Release|Any CPU
		{FB2C9D9B-A62A-4C9E-A7AF-64CA7315B40C}.Release|Any CPU.Build.0 = Release|Any CPU
		{66318E56-1E11-4EF1-88FF-8AEBEF7310E0}.Debug|Any CPU.ActiveCfg = Debug|Any CPU
		{66318E56-1E11-4EF1-88FF-8AEBEF7310E0}.Debug|Any CPU.Build.0 = Debug|Any CPU
		{66318E56-1E11-4EF1-88FF-8AEBEF7310E0}.Release|Any CPU.ActiveCfg = Release|Any CPU
		{66318E56-1E11-4EF1-88FF-8AEBEF7310E0}.Release|Any CPU.Build.0 = Release|Any CPU
		{ADF22E60-D628-464C-BFD4-2083311919D4}.Debug|Any CPU.ActiveCfg = Debug|Any CPU
		{ADF22E60-D628-464C-BFD4-2083311919D4}.Debug|Any CPU.Build.0 = Debug|Any CPU
		{ADF22E60-D628-464C-BFD4-2083311919D4}.Release|Any CPU.ActiveCfg = Release|Any CPU
		{ADF22E60-D628-464C-BFD4-2083311919D4}.Release|Any CPU.Build.0 = Release|Any CPU
		{FA45B321-2E90-492B-BDAC-D2A0061755BA}.Debug|Any CPU.ActiveCfg = Debug|Any CPU
		{FA45B321-2E90-492B-BDAC-D2A0061755BA}.Debug|Any CPU.Build.0 = Debug|Any CPU
		{FA45B321-2E90-492B-BDAC-D2A0061755BA}.Release|Any CPU.ActiveCfg = Release|Any CPU
		{FA45B321-2E90-492B-BDAC-D2A0061755BA}.Release|Any CPU.Build.0 = Release|Any CPU
		{E5D5B899-C770-4BF8-80D7-4BB2488B7B76}.Debug|Any CPU.ActiveCfg = Debug|Any CPU
		{E5D5B899-C770-4BF8-80D7-4BB2488B7B76}.Debug|Any CPU.Build.0 = Debug|Any CPU
		{E5D5B899-C770-4BF8-80D7-4BB2488B7B76}.Release|Any CPU.ActiveCfg = Release|Any CPU
		{E5D5B899-C770-4BF8-80D7-4BB2488B7B76}.Release|Any CPU.Build.0 = Release|Any CPU
		{70737D60-3478-4756-A1C3-C26A41D66C73}.Debug|Any CPU.ActiveCfg = Debug|Any CPU
		{70737D60-3478-4756-A1C3-C26A41D66C73}.Debug|Any CPU.Build.0 = Debug|Any CPU
		{70737D60-3478-4756-A1C3-C26A41D66C73}.Release|Any CPU.ActiveCfg = Release|Any CPU
		{70737D60-3478-4756-A1C3-C26A41D66C73}.Release|Any CPU.Build.0 = Release|Any CPU
		{CF77B98C-21AD-4899-9710-10D9D084F235}.Debug|Any CPU.ActiveCfg = Debug|Any CPU
		{CF77B98C-21AD-4899-9710-10D9D084F235}.Debug|Any CPU.Build.0 = Debug|Any CPU
		{CF77B98C-21AD-4899-9710-10D9D084F235}.Release|Any CPU.ActiveCfg = Release|Any CPU
		{CF77B98C-21AD-4899-9710-10D9D084F235}.Release|Any CPU.Build.0 = Release|Any CPU
		{37E4BAB8-4D9E-4C4E-9FC8-AC74BB59433B}.Debug|Any CPU.ActiveCfg = Debug|Any CPU
		{37E4BAB8-4D9E-4C4E-9FC8-AC74BB59433B}.Debug|Any CPU.Build.0 = Debug|Any CPU
		{37E4BAB8-4D9E-4C4E-9FC8-AC74BB59433B}.Release|Any CPU.ActiveCfg = Release|Any CPU
		{37E4BAB8-4D9E-4C4E-9FC8-AC74BB59433B}.Release|Any CPU.Build.0 = Release|Any CPU
	EndGlobalSection
	GlobalSection(SolutionProperties) = preSolution
		HideSolutionNode = FALSE
	EndGlobalSection
	GlobalSection(NestedProjects) = preSolution
		{FBA2B0C9-9C0A-4244-9D35-F33DCA354BD7} = {3EA83CF4-9F97-454A-928D-883CBCBA281B}
		{E99CDF1E-C951-4F4F-9483-F18F18A0BE2B} = {3EA83CF4-9F97-454A-928D-883CBCBA281B}
		{E63BA32D-F441-4C9B-BFE5-F824188FF6A1} = {F40A90B1-8B7C-4B53-9ACF-A32B3D557AC3}
		{856C92CF-BA51-4AD4-B2ED-7BDE696018FB} = {E99CDF1E-C951-4F4F-9483-F18F18A0BE2B}
		{76CA2B55-D896-40BA-AF99-097D3018178A} = {E99CDF1E-C951-4F4F-9483-F18F18A0BE2B}
		{29593945-0A6F-4DD6-97A9-22B830CAF5ED} = {E99CDF1E-C951-4F4F-9483-F18F18A0BE2B}
		{73DC9EA0-2761-4C24-9964-D4F582E0580F} = {E99CDF1E-C951-4F4F-9483-F18F18A0BE2B}
		{17D1CFBB-FAFE-4EA2-94E7-BB2ACE0ABF70} = {3EA83CF4-9F97-454A-928D-883CBCBA281B}
		{FB2C9D9B-A62A-4C9E-A7AF-64CA7315B40C} = {17D1CFBB-FAFE-4EA2-94E7-BB2ACE0ABF70}
		{C13BCBB4-FBED-4A72-9826-41375E0274E4} = {EC8191FD-14E5-498D-8D7A-719A2544FD68}
		{71EE3624-9C22-4DD3-AF00-247BEFAA0E0E} = {3EA83CF4-9F97-454A-928D-883CBCBA281B}
		{66318E56-1E11-4EF1-88FF-8AEBEF7310E0} = {71EE3624-9C22-4DD3-AF00-247BEFAA0E0E}
		{ADF22E60-D628-464C-BFD4-2083311919D4} = {FBA2B0C9-9C0A-4244-9D35-F33DCA354BD7}
		{FA45B321-2E90-492B-BDAC-D2A0061755BA} = {FBA2B0C9-9C0A-4244-9D35-F33DCA354BD7}
		{E5D5B899-C770-4BF8-80D7-4BB2488B7B76} = {71EE3624-9C22-4DD3-AF00-247BEFAA0E0E}
		{70737D60-3478-4756-A1C3-C26A41D66C73} = {71EE3624-9C22-4DD3-AF00-247BEFAA0E0E}
		{CF77B98C-21AD-4899-9710-10D9D084F235} = {71EE3624-9C22-4DD3-AF00-247BEFAA0E0E}
		{37E4BAB8-4D9E-4C4E-9FC8-AC74BB59433B} = {17D1CFBB-FAFE-4EA2-94E7-BB2ACE0ABF70}
	EndGlobalSection
	GlobalSection(ExtensibilityGlobals) = postSolution
		SolutionGuid = {1FD6FCD1-A350-4541-A9CA-1549339C78EC}
	EndGlobalSection
EndGlobal
